
Microsoft Visual Studio Solution File, Format Version 12.00
# Visual Studio 2013
VisualStudioVersion = 12.0.40629.0
MinimumVisualStudioVersion = 10.0.40219.1
Project("{8BC9CEB8-8B4A-11D0-8D11-00A0C91BC942}") = "iw4", "iw4\iw4.vcxproj", "{38B4FC13-CEBC-4099-8698-3E62943C1EAA}"
EndProject
Global
	GlobalSection(SolutionConfigurationPlatforms) = preSolution
		Normal|Win32 = Normal|Win32
	EndGlobalSection
	GlobalSection(ProjectConfigurationPlatforms) = postSolution
		{38B4FC13-CEBC-4099-8698-3E62943C1EAA}.Normal|Win32.ActiveCfg = Normal|Win32
		{38B4FC13-CEBC-4099-8698-3E62943C1EAA}.Normal|Win32.Build.0 = Normal|Win32
	EndGlobalSection
	GlobalSection(SolutionProperties) = preSolution
		HideSolutionNode = FALSE
	EndGlobalSection
EndGlobal
